
Microsoft Visual Studio Solution File, Format Version 12.00
# Visual Studio Version 17
VisualStudioVersion = 17.6.33801.468
MinimumVisualStudioVersion = 10.0.40219.1
Project("{FAE04EC0-301F-11D3-BF4B-00C04F79EFBC}") = "Pacman", "Pacman.csproj", "{974D9DA4-0EE4-40A3-A6F6-DFA1BEF5797E}"
EndProject
Global
	GlobalSection(SolutionConfigurationPlatforms) = preSolution
		Debug|Any CPU = Debug|Any CPU
		Release|Any CPU = Release|Any CPU
	EndGlobalSection
	GlobalSection(ProjectConfigurationPlatforms) = postSolution
		{974D9DA4-0EE4-40A3-A6F6-DFA1BEF5797E}.Debug|Any CPU.ActiveCfg = Debug|Any CPU
		{974D9DA4-0EE4-40A3-A6F6-DFA1BEF5797E}.Debug|Any CPU.Build.0 = Debug|Any CPU
		{974D9DA4-0EE4-40A3-A6F6-DFA1BEF5797E}.Release|Any CPU.ActiveCfg = Release|Any CPU
		{974D9DA4-0EE4-40A3-A6F6-DFA1BEF5797E}.Release|Any CPU.Build.0 = Release|Any CPU
	EndGlobalSection
	GlobalSection(SolutionProperties) = preSolution
		HideSolutionNode = FALSE
	EndGlobalSection
	GlobalSection(ExtensibilityGlobals) = postSolution
		SolutionGuid = {70721178-AF2D-48DE-AD0D-10CF68454234}
	EndGlobalSection
EndGlobal
