
Microsoft Visual Studio Solution File, Format Version 12.00
# Visual Studio Version 17
VisualStudioVersion = 17.5.33516.290
MinimumVisualStudioVersion = 10.0.40219.1
Project("{FAE04EC0-301F-11D3-BF4B-00C04F79EFBC}") = "Login_app", "Login_app\Login_app.csproj", "{0CA85337-23CF-48F7-97CE-3148B5E782BE}"
EndProject
Global
	GlobalSection(SolutionConfigurationPlatforms) = preSolution
		Debug|Any CPU = Debug|Any CPU
		Release|Any CPU = Release|Any CPU
	EndGlobalSection
	GlobalSection(ProjectConfigurationPlatforms) = postSolution
		{0CA85337-23CF-48F7-97CE-3148B5E782BE}.Debug|Any CPU.ActiveCfg = Debug|Any CPU
		{0CA85337-23CF-48F7-97CE-3148B5E782BE}.Debug|Any CPU.Build.0 = Debug|Any CPU
		{0CA85337-23CF-48F7-97CE-3148B5E782BE}.Release|Any CPU.ActiveCfg = Release|Any CPU
		{0CA85337-23CF-48F7-97CE-3148B5E782BE}.Release|Any CPU.Build.0 = Release|Any CPU
	EndGlobalSection
	GlobalSection(SolutionProperties) = preSolution
		HideSolutionNode = FALSE
	EndGlobalSection
	GlobalSection(ExtensibilityGlobals) = postSolution
		SolutionGuid = {4E59D189-C439-4EBB-AB1F-8EB454CC9341}
	EndGlobalSection
EndGlobal
