
Microsoft Visual Studio Solution File, Format Version 12.00
# Visual Studio Version 17
VisualStudioVersion = 17.5.33516.290
MinimumVisualStudioVersion = 10.0.40219.1
Project("{FAE04EC0-301F-11D3-BF4B-00C04F79EFBC}") = "FireDepartment", "FireDepartment.csproj", "{3C6DC885-E445-497C-B1A5-3055DF030394}"
EndProject
Global
	GlobalSection(SolutionConfigurationPlatforms) = preSolution
		Debug|Any CPU = Debug|Any CPU
		Release|Any CPU = Release|Any CPU
	EndGlobalSection
	GlobalSection(ProjectConfigurationPlatforms) = postSolution
		{3C6DC885-E445-497C-B1A5-3055DF030394}.Debug|Any CPU.ActiveCfg = Debug|Any CPU
		{3C6DC885-E445-497C-B1A5-3055DF030394}.Debug|Any CPU.Build.0 = Debug|Any CPU
		{3C6DC885-E445-497C-B1A5-3055DF030394}.Release|Any CPU.ActiveCfg = Release|Any CPU
		{3C6DC885-E445-497C-B1A5-3055DF030394}.Release|Any CPU.Build.0 = Release|Any CPU
	EndGlobalSection
	GlobalSection(SolutionProperties) = preSolution
		HideSolutionNode = FALSE
	EndGlobalSection
	GlobalSection(ExtensibilityGlobals) = postSolution
		SolutionGuid = {20201967-2D3E-46BF-802D-5756F6CCF475}
	EndGlobalSection
EndGlobal
