
Microsoft Visual Studio Solution File, Format Version 12.00
# Visual Studio Version 17
VisualStudioVersion = 17.5.33516.290
MinimumVisualStudioVersion = 10.0.40219.1
Project("{FAE04EC0-301F-11D3-BF4B-00C04F79EFBC}") = "Tasks", "Tasks.csproj", "{122683DA-9EA2-460D-AF1F-7F1185605A5D}"
EndProject
Global
	GlobalSection(SolutionConfigurationPlatforms) = preSolution
		Debug|Any CPU = Debug|Any CPU
		Release|Any CPU = Release|Any CPU
	EndGlobalSection
	GlobalSection(ProjectConfigurationPlatforms) = postSolution
		{122683DA-9EA2-460D-AF1F-7F1185605A5D}.Debug|Any CPU.ActiveCfg = Debug|Any CPU
		{122683DA-9EA2-460D-AF1F-7F1185605A5D}.Debug|Any CPU.Build.0 = Debug|Any CPU
		{122683DA-9EA2-460D-AF1F-7F1185605A5D}.Release|Any CPU.ActiveCfg = Release|Any CPU
		{122683DA-9EA2-460D-AF1F-7F1185605A5D}.Release|Any CPU.Build.0 = Release|Any CPU
	EndGlobalSection
	GlobalSection(SolutionProperties) = preSolution
		HideSolutionNode = FALSE
	EndGlobalSection
	GlobalSection(ExtensibilityGlobals) = postSolution
		SolutionGuid = {7545C343-F9F4-44C0-BBD9-3DDFC3764523}
	EndGlobalSection
EndGlobal
