
Microsoft Visual Studio Solution File, Format Version 12.00
# Visual Studio Version 17
VisualStudioVersion = 17.5.33516.290
MinimumVisualStudioVersion = 10.0.40219.1
Project("{FAE04EC0-301F-11D3-BF4B-00C04F79EFBC}") = "Task1", "Task1.csproj", "{4E4BBBF3-7626-4DB6-8016-29D4F586A11B}"
EndProject
Global
	GlobalSection(SolutionConfigurationPlatforms) = preSolution
		Debug|Any CPU = Debug|Any CPU
		Release|Any CPU = Release|Any CPU
	EndGlobalSection
	GlobalSection(ProjectConfigurationPlatforms) = postSolution
		{4E4BBBF3-7626-4DB6-8016-29D4F586A11B}.Debug|Any CPU.ActiveCfg = Debug|Any CPU
		{4E4BBBF3-7626-4DB6-8016-29D4F586A11B}.Debug|Any CPU.Build.0 = Debug|Any CPU
		{4E4BBBF3-7626-4DB6-8016-29D4F586A11B}.Release|Any CPU.ActiveCfg = Release|Any CPU
		{4E4BBBF3-7626-4DB6-8016-29D4F586A11B}.Release|Any CPU.Build.0 = Release|Any CPU
	EndGlobalSection
	GlobalSection(SolutionProperties) = preSolution
		HideSolutionNode = FALSE
	EndGlobalSection
	GlobalSection(ExtensibilityGlobals) = postSolution
		SolutionGuid = {2FDBC9D4-50C0-4968-A0A9-544485709585}
	EndGlobalSection
EndGlobal
