
Microsoft Visual Studio Solution File, Format Version 12.00
# Visual Studio Version 17
VisualStudioVersion = 17.5.33516.290
MinimumVisualStudioVersion = 10.0.40219.1
Project("{FAE04EC0-301F-11D3-BF4B-00C04F79EFBC}") = "Pacman", "Pacman.csproj", "{6C948BC8-40DD-4E02-9AB7-B9B46E052FB4}"
EndProject
Global
	GlobalSection(SolutionConfigurationPlatforms) = preSolution
		Debug|Any CPU = Debug|Any CPU
		Release|Any CPU = Release|Any CPU
	EndGlobalSection
	GlobalSection(ProjectConfigurationPlatforms) = postSolution
		{6C948BC8-40DD-4E02-9AB7-B9B46E052FB4}.Debug|Any CPU.ActiveCfg = Debug|Any CPU
		{6C948BC8-40DD-4E02-9AB7-B9B46E052FB4}.Debug|Any CPU.Build.0 = Debug|Any CPU
		{6C948BC8-40DD-4E02-9AB7-B9B46E052FB4}.Release|Any CPU.ActiveCfg = Release|Any CPU
		{6C948BC8-40DD-4E02-9AB7-B9B46E052FB4}.Release|Any CPU.Build.0 = Release|Any CPU
	EndGlobalSection
	GlobalSection(SolutionProperties) = preSolution
		HideSolutionNode = FALSE
	EndGlobalSection
	GlobalSection(ExtensibilityGlobals) = postSolution
		SolutionGuid = {C5C374D6-D5A8-475E-BECB-C5668D1E79A4}
	EndGlobalSection
EndGlobal
