
Microsoft Visual Studio Solution File, Format Version 12.00
# Visual Studio Version 17
VisualStudioVersion = 17.6.33723.286
MinimumVisualStudioVersion = 10.0.40219.1
Project("{FAE04EC0-301F-11D3-BF4B-00C04F79EFBC}") = "Task1", "Task1\Task1.csproj", "{0B39DF38-F729-42FA-8151-2A3A101E9CC9}"
EndProject
Global
	GlobalSection(SolutionConfigurationPlatforms) = preSolution
		Debug|Any CPU = Debug|Any CPU
		Release|Any CPU = Release|Any CPU
	EndGlobalSection
	GlobalSection(ProjectConfigurationPlatforms) = postSolution
		{0B39DF38-F729-42FA-8151-2A3A101E9CC9}.Debug|Any CPU.ActiveCfg = Debug|Any CPU
		{0B39DF38-F729-42FA-8151-2A3A101E9CC9}.Debug|Any CPU.Build.0 = Debug|Any CPU
		{0B39DF38-F729-42FA-8151-2A3A101E9CC9}.Release|Any CPU.ActiveCfg = Release|Any CPU
		{0B39DF38-F729-42FA-8151-2A3A101E9CC9}.Release|Any CPU.Build.0 = Release|Any CPU
	EndGlobalSection
	GlobalSection(SolutionProperties) = preSolution
		HideSolutionNode = FALSE
	EndGlobalSection
	GlobalSection(ExtensibilityGlobals) = postSolution
		SolutionGuid = {FAE537E1-E432-4A08-B2D1-71C1D6B4C830}
	EndGlobalSection
EndGlobal
